
Microsoft Visual Studio Solution File, Format Version 12.00
# Visual Studio 15
VisualStudioVersion = 15.0.28010.2026
MinimumVisualStudioVersion = 10.0.40219.1
Project("{FAE04EC0-301F-11D3-BF4B-00C04F79EFBC}") = "AppCron.Android", "AppCronFacil\AppCronFacil.Android\AppCron.Android.csproj", "{D0DD1F0E-15C0-44D6-A2F6-D609180EB065}"
EndProject
Project("{FAE04EC0-301F-11D3-BF4B-00C04F79EFBC}") = "AppCron.iOS", "AppCronFacil\AppCronFacil.iOS\AppCron.iOS.csproj", "{7369FB91-FAAF-442C-912A-593E3AF624EB}"
EndProject
Project("{FAE04EC0-301F-11D3-BF4B-00C04F79EFBC}") = "AppCron.UWP", "AppCronFacil\AppCronFacil.UWP\AppCron.UWP.csproj", "{6BBC6277-0B43-429A-AAA3-169332FE5E8C}"
EndProject
Project("{9A19103F-16F7-4668-BE54-9A1E7A4F7556}") = "AppCronFacil", "AppCronFacil\AppCronFacil\AppCronFacil.csproj", "{1128B2BF-1485-4A48-B4BB-49AC95443C5B}"
EndProject
Global
	GlobalSection(SolutionConfigurationPlatforms) = preSolution
		Ad-Hoc|Any CPU = Ad-Hoc|Any CPU
		Ad-Hoc|ARM = Ad-Hoc|ARM
		Ad-Hoc|iPhone = Ad-Hoc|iPhone
		Ad-Hoc|iPhoneSimulator = Ad-Hoc|iPhoneSimulator
		Ad-Hoc|x64 = Ad-Hoc|x64
		Ad-Hoc|x86 = Ad-Hoc|x86
		AppStore|Any CPU = AppStore|Any CPU
		AppStore|ARM = AppStore|ARM
		AppStore|iPhone = AppStore|iPhone
		AppStore|iPhoneSimulator = AppStore|iPhoneSimulator
		AppStore|x64 = AppStore|x64
		AppStore|x86 = AppStore|x86
		Debug|Any CPU = Debug|Any CPU
		Debug|ARM = Debug|ARM
		Debug|iPhone = Debug|iPhone
		Debug|iPhoneSimulator = Debug|iPhoneSimulator
		Debug|x64 = Debug|x64
		Debug|x86 = Debug|x86
		Release|Any CPU = Release|Any CPU
		Release|ARM = Release|ARM
		Release|iPhone = Release|iPhone
		Release|iPhoneSimulator = Release|iPhoneSimulator
		Release|x64 = Release|x64
		Release|x86 = Release|x86
	EndGlobalSection
	GlobalSection(ProjectConfigurationPlatforms) = postSolution
		{D0DD1F0E-15C0-44D6-A2F6-D609180EB065}.Ad-Hoc|Any CPU.ActiveCfg = Release|Any CPU
		{D0DD1F0E-15C0-44D6-A2F6-D609180EB065}.Ad-Hoc|Any CPU.Build.0 = Release|Any CPU
		{D0DD1F0E-15C0-44D6-A2F6-D609180EB065}.Ad-Hoc|Any CPU.Deploy.0 = Release|Any CPU
		{D0DD1F0E-15C0-44D6-A2F6-D609180EB065}.Ad-Hoc|ARM.ActiveCfg = Release|Any CPU
		{D0DD1F0E-15C0-44D6-A2F6-D609180EB065}.Ad-Hoc|ARM.Build.0 = Release|Any CPU
		{D0DD1F0E-15C0-44D6-A2F6-D609180EB065}.Ad-Hoc|ARM.Deploy.0 = Release|Any CPU
		{D0DD1F0E-15C0-44D6-A2F6-D609180EB065}.Ad-Hoc|iPhone.ActiveCfg = Release|Any CPU
		{D0DD1F0E-15C0-44D6-A2F6-D609180EB065}.Ad-Hoc|iPhone.Build.0 = Release|Any CPU
		{D0DD1F0E-15C0-44D6-A2F6-D609180EB065}.Ad-Hoc|iPhone.Deploy.0 = Release|Any CPU
		{D0DD1F0E-15C0-44D6-A2F6-D609180EB065}.Ad-Hoc|iPhoneSimulator.ActiveCfg = Release|Any CPU
		{D0DD1F0E-15C0-44D6-A2F6-D609180EB065}.Ad-Hoc|iPhoneSimulator.Build.0 = Release|Any CPU
		{D0DD1F0E-15C0-44D6-A2F6-D609180EB065}.Ad-Hoc|iPhoneSimulator.Deploy.0 = Release|Any CPU
		{D0DD1F0E-15C0-44D6-A2F6-D609180EB065}.Ad-Hoc|x64.ActiveCfg = Release|Any CPU
		{D0DD1F0E-15C0-44D6-A2F6-D609180EB065}.Ad-Hoc|x64.Build.0 = Release|Any CPU
		{D0DD1F0E-15C0-44D6-A2F6-D609180EB065}.Ad-Hoc|x64.Deploy.0 = Release|Any CPU
		{D0DD1F0E-15C0-44D6-A2F6-D609180EB065}.Ad-Hoc|x86.ActiveCfg = Release|Any CPU
		{D0DD1F0E-15C0-44D6-A2F6-D609180EB065}.Ad-Hoc|x86.Build.0 = Release|Any CPU
		{D0DD1F0E-15C0-44D6-A2F6-D609180EB065}.Ad-Hoc|x86.Deploy.0 = Release|Any CPU
		{D0DD1F0E-15C0-44D6-A2F6-D609180EB065}.AppStore|Any CPU.ActiveCfg = Release|Any CPU
		{D0DD1F0E-15C0-44D6-A2F6-D609180EB065}.AppStore|Any CPU.Build.0 = Release|Any CPU
		{D0DD1F0E-15C0-44D6-A2F6-D609180EB065}.AppStore|Any CPU.Deploy.0 = Release|Any CPU
		{D0DD1F0E-15C0-44D6-A2F6-D609180EB065}.AppStore|ARM.ActiveCfg = Release|Any CPU
		{D0DD1F0E-15C0-44D6-A2F6-D609180EB065}.AppStore|ARM.Build.0 = Release|Any CPU
		{D0DD1F0E-15C0-44D6-A2F6-D609180EB065}.AppStore|ARM.Deploy.0 = Release|Any CPU
		{D0DD1F0E-15C0-44D6-A2F6-D609180EB065}.AppStore|iPhone.ActiveCfg = Release|Any CPU
		{D0DD1F0E-15C0-44D6-A2F6-D609180EB065}.AppStore|iPhone.Build.0 = Release|Any CPU
		{D0DD1F0E-15C0-44D6-A2F6-D609180EB065}.AppStore|iPhone.Deploy.0 = Release|Any CPU
		{D0DD1F0E-15C0-44D6-A2F6-D609180EB065}.AppStore|iPhoneSimulator.ActiveCfg = Release|Any CPU
		{D0DD1F0E-15C0-44D6-A2F6-D609180EB065}.AppStore|iPhoneSimulator.Build.0 = Release|Any CPU
		{D0DD1F0E-15C0-44D6-A2F6-D609180EB065}.AppStore|iPhoneSimulator.Deploy.0 = Release|Any CPU
		{D0DD1F0E-15C0-44D6-A2F6-D609180EB065}.AppStore|x64.ActiveCfg = Release|Any CPU
		{D0DD1F0E-15C0-44D6-A2F6-D609180EB065}.AppStore|x64.Build.0 = Release|Any CPU
		{D0DD1F0E-15C0-44D6-A2F6-D609180EB065}.AppStore|x64.Deploy.0 = Release|Any CPU
		{D0DD1F0E-15C0-44D6-A2F6-D609180EB065}.AppStore|x86.ActiveCfg = Release|Any CPU
		{D0DD1F0E-15C0-44D6-A2F6-D609180EB065}.AppStore|x86.Build.0 = Release|Any CPU
		{D0DD1F0E-15C0-44D6-A2F6-D609180EB065}.AppStore|x86.Deploy.0 = Release|Any CPU
		{D0DD1F0E-15C0-44D6-A2F6-D609180EB065}.Debug|Any CPU.ActiveCfg = Debug|Any CPU
		{D0DD1F0E-15C0-44D6-A2F6-D609180EB065}.Debug|Any CPU.Build.0 = Debug|Any CPU
		{D0DD1F0E-15C0-44D6-A2F6-D609180EB065}.Debug|Any CPU.Deploy.0 = Debug|Any CPU
		{D0DD1F0E-15C0-44D6-A2F6-D609180EB065}.Debug|ARM.ActiveCfg = Debug|Any CPU
		{D0DD1F0E-15C0-44D6-A2F6-D609180EB065}.Debug|ARM.Build.0 = Debug|Any CPU
		{D0DD1F0E-15C0-44D6-A2F6-D609180EB065}.Debug|ARM.Deploy.0 = Debug|Any CPU
		{D0DD1F0E-15C0-44D6-A2F6-D609180EB065}.Debug|iPhone.ActiveCfg = Debug|Any CPU
		{D0DD1F0E-15C0-44D6-A2F6-D609180EB065}.Debug|iPhone.Build.0 = Debug|Any CPU
		{D0DD1F0E-15C0-44D6-A2F6-D609180EB065}.Debug|iPhone.Deploy.0 = Debug|Any CPU
		{D0DD1F0E-15C0-44D6-A2F6-D609180EB065}.Debug|iPhoneSimulator.ActiveCfg = Debug|Any CPU
		{D0DD1F0E-15C0-44D6-A2F6-D609180EB065}.Debug|iPhoneSimulator.Build.0 = Debug|Any CPU
		{D0DD1F0E-15C0-44D6-A2F6-D609180EB065}.Debug|iPhoneSimulator.Deploy.0 = Debug|Any CPU
		{D0DD1F0E-15C0-44D6-A2F6-D609180EB065}.Debug|x64.ActiveCfg = Debug|Any CPU
		{D0DD1F0E-15C0-44D6-A2F6-D609180EB065}.Debug|x64.Build.0 = Debug|Any CPU
		{D0DD1F0E-15C0-44D6-A2F6-D609180EB065}.Debug|x64.Deploy.0 = Debug|Any CPU
		{D0DD1F0E-15C0-44D6-A2F6-D609180EB065}.Debug|x86.ActiveCfg = Debug|Any CPU
		{D0DD1F0E-15C0-44D6-A2F6-D609180EB065}.Debug|x86.Build.0 = Debug|Any CPU
		{D0DD1F0E-15C0-44D6-A2F6-D609180EB065}.Debug|x86.Deploy.0 = Debug|Any CPU
		{D0DD1F0E-15C0-44D6-A2F6-D609180EB065}.Release|Any CPU.ActiveCfg = Release|Any CPU
		{D0DD1F0E-15C0-44D6-A2F6-D609180EB065}.Release|Any CPU.Build.0 = Release|Any CPU
		{D0DD1F0E-15C0-44D6-A2F6-D609180EB065}.Release|Any CPU.Deploy.0 = Release|Any CPU
		{D0DD1F0E-15C0-44D6-A2F6-D609180EB065}.Release|ARM.ActiveCfg = Release|Any CPU
		{D0DD1F0E-15C0-44D6-A2F6-D609180EB065}.Release|ARM.Build.0 = Release|Any CPU
		{D0DD1F0E-15C0-44D6-A2F6-D609180EB065}.Release|ARM.Deploy.0 = Release|Any CPU
		{D0DD1F0E-15C0-44D6-A2F6-D609180EB065}.Release|iPhone.ActiveCfg = Release|Any CPU
		{D0DD1F0E-15C0-44D6-A2F6-D609180EB065}.Release|iPhone.Build.0 = Release|Any CPU
		{D0DD1F0E-15C0-44D6-A2F6-D609180EB065}.Release|iPhone.Deploy.0 = Release|Any CPU
		{D0DD1F0E-15C0-44D6-A2F6-D609180EB065}.Release|iPhoneSimulator.ActiveCfg = Release|Any CPU
		{D0DD1F0E-15C0-44D6-A2F6-D609180EB065}.Release|iPhoneSimulator.Build.0 = Release|Any CPU
		{D0DD1F0E-15C0-44D6-A2F6-D609180EB065}.Release|iPhoneSimulator.Deploy.0 = Release|Any CPU
		{D0DD1F0E-15C0-44D6-A2F6-D609180EB065}.Release|x64.ActiveCfg = Release|Any CPU
		{D0DD1F0E-15C0-44D6-A2F6-D609180EB065}.Release|x64.Build.0 = Release|Any CPU
		{D0DD1F0E-15C0-44D6-A2F6-D609180EB065}.Release|x64.Deploy.0 = Release|Any CPU
		{D0DD1F0E-15C0-44D6-A2F6-D609180EB065}.Release|x86.ActiveCfg = Release|Any CPU
		{D0DD1F0E-15C0-44D6-A2F6-D609180EB065}.Release|x86.Build.0 = Release|Any CPU
		{D0DD1F0E-15C0-44D6-A2F6-D609180EB065}.Release|x86.Deploy.0 = Release|Any CPU
		{7369FB91-FAAF-442C-912A-593E3AF624EB}.Ad-Hoc|Any CPU.ActiveCfg = Ad-Hoc|iPhone
		{7369FB91-FAAF-442C-912A-593E3AF624EB}.Ad-Hoc|Any CPU.Build.0 = Ad-Hoc|iPhone
		{7369FB91-FAAF-442C-912A-593E3AF624EB}.Ad-Hoc|Any CPU.Deploy.0 = Ad-Hoc|iPhone
		{7369FB91-FAAF-442C-912A-593E3AF624EB}.Ad-Hoc|ARM.ActiveCfg = Ad-Hoc|iPhone
		{7369FB91-FAAF-442C-912A-593E3AF624EB}.Ad-Hoc|ARM.Build.0 = Ad-Hoc|iPhone
		{7369FB91-FAAF-442C-912A-593E3AF624EB}.Ad-Hoc|ARM.Deploy.0 = Ad-Hoc|iPhone
		{7369FB91-FAAF-442C-912A-593E3AF624EB}.Ad-Hoc|iPhone.ActiveCfg = Ad-Hoc|iPhone
		{7369FB91-FAAF-442C-912A-593E3AF624EB}.Ad-Hoc|iPhone.Build.0 = Ad-Hoc|iPhone
		{7369FB91-FAAF-442C-912A-593E3AF624EB}.Ad-Hoc|iPhone.Deploy.0 = Ad-Hoc|iPhone
		{7369FB91-FAAF-442C-912A-593E3AF624EB}.Ad-Hoc|iPhoneSimulator.ActiveCfg = Ad-Hoc|iPhoneSimulator
		{7369FB91-FAAF-442C-912A-593E3AF624EB}.Ad-Hoc|iPhoneSimulator.Build.0 = Ad-Hoc|iPhoneSimulator
		{7369FB91-FAAF-442C-912A-593E3AF624EB}.Ad-Hoc|iPhoneSimulator.Deploy.0 = Ad-Hoc|iPhoneSimulator
		{7369FB91-FAAF-442C-912A-593E3AF624EB}.Ad-Hoc|x64.ActiveCfg = Ad-Hoc|iPhone
		{7369FB91-FAAF-442C-912A-593E3AF624EB}.Ad-Hoc|x64.Build.0 = Ad-Hoc|iPhone
		{7369FB91-FAAF-442C-912A-593E3AF624EB}.Ad-Hoc|x64.Deploy.0 = Ad-Hoc|iPhone
		{7369FB91-FAAF-442C-912A-593E3AF624EB}.Ad-Hoc|x86.ActiveCfg = Ad-Hoc|iPhone
		{7369FB91-FAAF-442C-912A-593E3AF624EB}.Ad-Hoc|x86.Build.0 = Ad-Hoc|iPhone
		{7369FB91-FAAF-442C-912A-593E3AF624EB}.Ad-Hoc|x86.Deploy.0 = Ad-Hoc|iPhone
		{7369FB91-FAAF-442C-912A-593E3AF624EB}.AppStore|Any CPU.ActiveCfg = AppStore|iPhone
		{7369FB91-FAAF-442C-912A-593E3AF624EB}.AppStore|Any CPU.Build.0 = AppStore|iPhone
		{7369FB91-FAAF-442C-912A-593E3AF624EB}.AppStore|Any CPU.Deploy.0 = AppStore|iPhone
		{7369FB91-FAAF-442C-912A-593E3AF624EB}.AppStore|ARM.ActiveCfg = AppStore|iPhone
		{7369FB91-FAAF-442C-912A-593E3AF624EB}.AppStore|ARM.Build.0 = AppStore|iPhone
		{7369FB91-FAAF-442C-912A-593E3AF624EB}.AppStore|ARM.Deploy.0 = AppStore|iPhone
		{7369FB91-FAAF-442C-912A-593E3AF624EB}.AppStore|iPhone.ActiveCfg = AppStore|iPhone
		{7369FB91-FAAF-442C-912A-593E3AF624EB}.AppStore|iPhone.Build.0 = AppStore|iPhone
		{7369FB91-FAAF-442C-912A-593E3AF624EB}.AppStore|iPhone.Deploy.0 = AppStore|iPhone
		{7369FB91-FAAF-442C-912A-593E3AF624EB}.AppStore|iPhoneSimulator.ActiveCfg = AppStore|iPhoneSimulator
		{7369FB91-FAAF-442C-912A-593E3AF624EB}.AppStore|iPhoneSimulator.Build.0 = AppStore|iPhoneSimulator
		{7369FB91-FAAF-442C-912A-593E3AF624EB}.AppStore|iPhoneSimulator.Deploy.0 = AppStore|iPhoneSimulator
		{7369FB91-FAAF-442C-912A-593E3AF624EB}.AppStore|x64.ActiveCfg = AppStore|iPhone
		{7369FB91-FAAF-442C-912A-593E3AF624EB}.AppStore|x64.Build.0 = AppStore|iPhone
		{7369FB91-FAAF-442C-912A-593E3AF624EB}.AppStore|x64.Deploy.0 = AppStore|iPhone
		{7369FB91-FAAF-442C-912A-593E3AF624EB}.AppStore|x86.ActiveCfg = AppStore|iPhone
		{7369FB91-FAAF-442C-912A-593E3AF624EB}.AppStore|x86.Build.0 = AppStore|iPhone
		{7369FB91-FAAF-442C-912A-593E3AF624EB}.AppStore|x86.Deploy.0 = AppStore|iPhone
		{7369FB91-FAAF-442C-912A-593E3AF624EB}.Debug|Any CPU.ActiveCfg = Debug|iPhoneSimulator
		{7369FB91-FAAF-442C-912A-593E3AF624EB}.Debug|Any CPU.Build.0 = Debug|iPhoneSimulator
		{7369FB91-FAAF-442C-912A-593E3AF624EB}.Debug|Any CPU.Deploy.0 = Debug|iPhoneSimulator
		{7369FB91-FAAF-442C-912A-593E3AF624EB}.Debug|ARM.ActiveCfg = Debug|iPhone
		{7369FB91-FAAF-442C-912A-593E3AF624EB}.Debug|ARM.Build.0 = Debug|iPhone
		{7369FB91-FAAF-442C-912A-593E3AF624EB}.Debug|ARM.Deploy.0 = Debug|iPhone
		{7369FB91-FAAF-442C-912A-593E3AF624EB}.Debug|iPhone.ActiveCfg = Debug|iPhone
		{7369FB91-FAAF-442C-912A-593E3AF624EB}.Debug|iPhone.Build.0 = Debug|iPhone
		{7369FB91-FAAF-442C-912A-593E3AF624EB}.Debug|iPhone.Deploy.0 = Debug|iPhone
		{7369FB91-FAAF-442C-912A-593E3AF624EB}.Debug|iPhoneSimulator.ActiveCfg = Debug|iPhoneSimulator
		{7369FB91-FAAF-442C-912A-593E3AF624EB}.Debug|iPhoneSimulator.Build.0 = Debug|iPhoneSimulator
		{7369FB91-FAAF-442C-912A-593E3AF624EB}.Debug|iPhoneSimulator.Deploy.0 = Debug|iPhoneSimulator
		{7369FB91-FAAF-442C-912A-593E3AF624EB}.Debug|x64.ActiveCfg = Debug|iPhone
		{7369FB91-FAAF-442C-912A-593E3AF624EB}.Debug|x64.Build.0 = Debug|iPhone
		{7369FB91-FAAF-442C-912A-593E3AF624EB}.Debug|x64.Deploy.0 = Debug|iPhone
		{7369FB91-FAAF-442C-912A-593E3AF624EB}.Debug|x86.ActiveCfg = Debug|iPhone
		{7369FB91-FAAF-442C-912A-593E3AF624EB}.Debug|x86.Build.0 = Debug|iPhone
		{7369FB91-FAAF-442C-912A-593E3AF624EB}.Debug|x86.Deploy.0 = Debug|iPhone
		{7369FB91-FAAF-442C-912A-593E3AF624EB}.Release|Any CPU.ActiveCfg = Release|iPhone
		{7369FB91-FAAF-442C-912A-593E3AF624EB}.Release|Any CPU.Build.0 = Release|iPhone
		{7369FB91-FAAF-442C-912A-593E3AF624EB}.Release|Any CPU.Deploy.0 = Release|iPhone
		{7369FB91-FAAF-442C-912A-593E3AF624EB}.Release|ARM.ActiveCfg = Release|iPhone
		{7369FB91-FAAF-442C-912A-593E3AF624EB}.Release|ARM.Build.0 = Release|iPhone
		{7369FB91-FAAF-442C-912A-593E3AF624EB}.Release|ARM.Deploy.0 = Release|iPhone
		{7369FB91-FAAF-442C-912A-593E3AF624EB}.Release|iPhone.ActiveCfg = Release|iPhone
		{7369FB91-FAAF-442C-912A-593E3AF624EB}.Release|iPhone.Build.0 = Release|iPhone
		{7369FB91-FAAF-442C-912A-593E3AF624EB}.Release|iPhone.Deploy.0 = Release|iPhone
		{7369FB91-FAAF-442C-912A-593E3AF624EB}.Release|iPhoneSimulator.ActiveCfg = Release|iPhoneSimulator
		{7369FB91-FAAF-442C-912A-593E3AF624EB}.Release|iPhoneSimulator.Build.0 = Release|iPhoneSimulator
		{7369FB91-FAAF-442C-912A-593E3AF624EB}.Release|iPhoneSimulator.Deploy.0 = Release|iPhoneSimulator
		{7369FB91-FAAF-442C-912A-593E3AF624EB}.Release|x64.ActiveCfg = Release|iPhone
		{7369FB91-FAAF-442C-912A-593E3AF624EB}.Release|x64.Build.0 = Release|iPhone
		{7369FB91-FAAF-442C-912A-593E3AF624EB}.Release|x64.Deploy.0 = Release|iPhone
		{7369FB91-FAAF-442C-912A-593E3AF624EB}.Release|x86.ActiveCfg = Release|iPhone
		{7369FB91-FAAF-442C-912A-593E3AF624EB}.Release|x86.Build.0 = Release|iPhone
		{7369FB91-FAAF-442C-912A-593E3AF624EB}.Release|x86.Deploy.0 = Release|iPhone
		{6BBC6277-0B43-429A-AAA3-169332FE5E8C}.Ad-Hoc|Any CPU.ActiveCfg = Release|x86
		{6BBC6277-0B43-429A-AAA3-169332FE5E8C}.Ad-Hoc|Any CPU.Build.0 = Release|x86
		{6BBC6277-0B43-429A-AAA3-169332FE5E8C}.Ad-Hoc|Any CPU.Deploy.0 = Release|x86
		{6BBC6277-0B43-429A-AAA3-169332FE5E8C}.Ad-Hoc|ARM.ActiveCfg = Release|ARM
		{6BBC6277-0B43-429A-AAA3-169332FE5E8C}.Ad-Hoc|ARM.Build.0 = Release|ARM
		{6BBC6277-0B43-429A-AAA3-169332FE5E8C}.Ad-Hoc|ARM.Deploy.0 = Release|ARM
		{6BBC6277-0B43-429A-AAA3-169332FE5E8C}.Ad-Hoc|iPhone.ActiveCfg = Release|x86
		{6BBC6277-0B43-429A-AAA3-169332FE5E8C}.Ad-Hoc|iPhone.Build.0 = Release|x86
		{6BBC6277-0B43-429A-AAA3-169332FE5E8C}.Ad-Hoc|iPhone.Deploy.0 = Release|x86
		{6BBC6277-0B43-429A-AAA3-169332FE5E8C}.Ad-Hoc|iPhoneSimulator.ActiveCfg = Release|x86
		{6BBC6277-0B43-429A-AAA3-169332FE5E8C}.Ad-Hoc|iPhoneSimulator.Build.0 = Release|x86
		{6BBC6277-0B43-429A-AAA3-169332FE5E8C}.Ad-Hoc|iPhoneSimulator.Deploy.0 = Release|x86
		{6BBC6277-0B43-429A-AAA3-169332FE5E8C}.Ad-Hoc|x64.ActiveCfg = Release|x64
		{6BBC6277-0B43-429A-AAA3-169332FE5E8C}.Ad-Hoc|x64.Build.0 = Release|x64
		{6BBC6277-0B43-429A-AAA3-169332FE5E8C}.Ad-Hoc|x64.Deploy.0 = Release|x64
		{6BBC6277-0B43-429A-AAA3-169332FE5E8C}.Ad-Hoc|x86.ActiveCfg = Release|x86
		{6BBC6277-0B43-429A-AAA3-169332FE5E8C}.Ad-Hoc|x86.Build.0 = Release|x86
		{6BBC6277-0B43-429A-AAA3-169332FE5E8C}.Ad-Hoc|x86.Deploy.0 = Release|x86
		{6BBC6277-0B43-429A-AAA3-169332FE5E8C}.AppStore|Any CPU.ActiveCfg = Release|x86
		{6BBC6277-0B43-429A-AAA3-169332FE5E8C}.AppStore|Any CPU.Build.0 = Release|x86
		{6BBC6277-0B43-429A-AAA3-169332FE5E8C}.AppStore|Any CPU.Deploy.0 = Release|x86
		{6BBC6277-0B43-429A-AAA3-169332FE5E8C}.AppStore|ARM.ActiveCfg = Release|ARM
		{6BBC6277-0B43-429A-AAA3-169332FE5E8C}.AppStore|ARM.Build.0 = Release|ARM
		{6BBC6277-0B43-429A-AAA3-169332FE5E8C}.AppStore|ARM.Deploy.0 = Release|ARM
		{6BBC6277-0B43-429A-AAA3-169332FE5E8C}.AppStore|iPhone.ActiveCfg = Release|x86
		{6BBC6277-0B43-429A-AAA3-169332FE5E8C}.AppStore|iPhone.Build.0 = Release|x86
		{6BBC6277-0B43-429A-AAA3-169332FE5E8C}.AppStore|iPhone.Deploy.0 = Release|x86
		{6BBC6277-0B43-429A-AAA3-169332FE5E8C}.AppStore|iPhoneSimulator.ActiveCfg = Release|x86
		{6BBC6277-0B43-429A-AAA3-169332FE5E8C}.AppStore|iPhoneSimulator.Build.0 = Release|x86
		{6BBC6277-0B43-429A-AAA3-169332FE5E8C}.AppStore|iPhoneSimulator.Deploy.0 = Release|x86
		{6BBC6277-0B43-429A-AAA3-169332FE5E8C}.AppStore|x64.ActiveCfg = Release|x64
		{6BBC6277-0B43-429A-AAA3-169332FE5E8C}.AppStore|x64.Build.0 = Release|x64
		{6BBC6277-0B43-429A-AAA3-169332FE5E8C}.AppStore|x64.Deploy.0 = Release|x64
		{6BBC6277-0B43-429A-AAA3-169332FE5E8C}.AppStore|x86.ActiveCfg = Release|x86
		{6BBC6277-0B43-429A-AAA3-169332FE5E8C}.AppStore|x86.Build.0 = Release|x86
		{6BBC6277-0B43-429A-AAA3-169332FE5E8C}.AppStore|x86.Deploy.0 = Release|x86
		{6BBC6277-0B43-429A-AAA3-169332FE5E8C}.Debug|Any CPU.ActiveCfg = Debug|x86
		{6BBC6277-0B43-429A-AAA3-169332FE5E8C}.Debug|Any CPU.Build.0 = Debug|x86
		{6BBC6277-0B43-429A-AAA3-169332FE5E8C}.Debug|Any CPU.Deploy.0 = Debug|x86
		{6BBC6277-0B43-429A-AAA3-169332FE5E8C}.Debug|ARM.ActiveCfg = Debug|ARM
		{6BBC6277-0B43-429A-AAA3-169332FE5E8C}.Debug|ARM.Build.0 = Debug|ARM
		{6BBC6277-0B43-429A-AAA3-169332FE5E8C}.Debug|ARM.Deploy.0 = Debug|ARM
		{6BBC6277-0B43-429A-AAA3-169332FE5E8C}.Debug|iPhone.ActiveCfg = Debug|x86
		{6BBC6277-0B43-429A-AAA3-169332FE5E8C}.Debug|iPhone.Build.0 = Debug|x86
		{6BBC6277-0B43-429A-AAA3-169332FE5E8C}.Debug|iPhone.Deploy.0 = Debug|x86
		{6BBC6277-0B43-429A-AAA3-169332FE5E8C}.Debug|iPhoneSimulator.ActiveCfg = Debug|x86
		{6BBC6277-0B43-429A-AAA3-169332FE5E8C}.Debug|iPhoneSimulator.Build.0 = Debug|x86
		{6BBC6277-0B43-429A-AAA3-169332FE5E8C}.Debug|iPhoneSimulator.Deploy.0 = Debug|x86
		{6BBC6277-0B43-429A-AAA3-169332FE5E8C}.Debug|x64.ActiveCfg = Debug|x64
		{6BBC6277-0B43-429A-AAA3-169332FE5E8C}.Debug|x64.Build.0 = Debug|x64
		{6BBC6277-0B43-429A-AAA3-169332FE5E8C}.Debug|x64.Deploy.0 = Debug|x64
		{6BBC6277-0B43-429A-AAA3-169332FE5E8C}.Debug|x86.ActiveCfg = Debug|x86
		{6BBC6277-0B43-429A-AAA3-169332FE5E8C}.Debug|x86.Build.0 = Debug|x86
		{6BBC6277-0B43-429A-AAA3-169332FE5E8C}.Debug|x86.Deploy.0 = Debug|x86
		{6BBC6277-0B43-429A-AAA3-169332FE5E8C}.Release|Any CPU.ActiveCfg = Release|x86
		{6BBC6277-0B43-429A-AAA3-169332FE5E8C}.Release|Any CPU.Build.0 = Release|x86
		{6BBC6277-0B43-429A-AAA3-169332FE5E8C}.Release|Any CPU.Deploy.0 = Release|x86
		{6BBC6277-0B43-429A-AAA3-169332FE5E8C}.Release|ARM.ActiveCfg = Release|ARM
		{6BBC6277-0B43-429A-AAA3-169332FE5E8C}.Release|ARM.Build.0 = Release|ARM
		{6BBC6277-0B43-429A-AAA3-169332FE5E8C}.Release|ARM.Deploy.0 = Release|ARM
		{6BBC6277-0B43-429A-AAA3-169332FE5E8C}.Release|iPhone.ActiveCfg = Release|x86
		{6BBC6277-0B43-429A-AAA3-169332FE5E8C}.Release|iPhone.Build.0 = Release|x86
		{6BBC6277-0B43-429A-AAA3-169332FE5E8C}.Release|iPhone.Deploy.0 = Release|x86
		{6BBC6277-0B43-429A-AAA3-169332FE5E8C}.Release|iPhoneSimulator.ActiveCfg = Release|x86
		{6BBC6277-0B43-429A-AAA3-169332FE5E8C}.Release|iPhoneSimulator.Build.0 = Release|x86
		{6BBC6277-0B43-429A-AAA3-169332FE5E8C}.Release|iPhoneSimulator.Deploy.0 = Release|x86
		{6BBC6277-0B43-429A-AAA3-169332FE5E8C}.Release|x64.ActiveCfg = Release|x64
		{6BBC6277-0B43-429A-AAA3-169332FE5E8C}.Release|x64.Build.0 = Release|x64
		{6BBC6277-0B43-429A-AAA3-169332FE5E8C}.Release|x64.Deploy.0 = Release|x64
		{6BBC6277-0B43-429A-AAA3-169332FE5E8C}.Release|x86.ActiveCfg = Release|x86
		{6BBC6277-0B43-429A-AAA3-169332FE5E8C}.Release|x86.Build.0 = Release|x86
		{6BBC6277-0B43-429A-AAA3-169332FE5E8C}.Release|x86.Deploy.0 = Release|x86
		{1128B2BF-1485-4A48-B4BB-49AC95443C5B}.Ad-Hoc|Any CPU.ActiveCfg = Debug|Any CPU
		{1128B2BF-1485-4A48-B4BB-49AC95443C5B}.Ad-Hoc|Any CPU.Build.0 = Debug|Any CPU
		{1128B2BF-1485-4A48-B4BB-49AC95443C5B}.Ad-Hoc|Any CPU.Deploy.0 = Debug|Any CPU
		{1128B2BF-1485-4A48-B4BB-49AC95443C5B}.Ad-Hoc|ARM.ActiveCfg = Debug|Any CPU
		{1128B2BF-1485-4A48-B4BB-49AC95443C5B}.Ad-Hoc|ARM.Build.0 = Debug|Any CPU
		{1128B2BF-1485-4A48-B4BB-49AC95443C5B}.Ad-Hoc|ARM.Deploy.0 = Debug|Any CPU
		{1128B2BF-1485-4A48-B4BB-49AC95443C5B}.Ad-Hoc|iPhone.ActiveCfg = Debug|Any CPU
		{1128B2BF-1485-4A48-B4BB-49AC95443C5B}.Ad-Hoc|iPhone.Build.0 = Debug|Any CPU
		{1128B2BF-1485-4A48-B4BB-49AC95443C5B}.Ad-Hoc|iPhone.Deploy.0 = Debug|Any CPU
		{1128B2BF-1485-4A48-B4BB-49AC95443C5B}.Ad-Hoc|iPhoneSimulator.ActiveCfg = Debug|Any CPU
		{1128B2BF-1485-4A48-B4BB-49AC95443C5B}.Ad-Hoc|iPhoneSimulator.Build.0 = Debug|Any CPU
		{1128B2BF-1485-4A48-B4BB-49AC95443C5B}.Ad-Hoc|iPhoneSimulator.Deploy.0 = Debug|Any CPU
		{1128B2BF-1485-4A48-B4BB-49AC95443C5B}.Ad-Hoc|x64.ActiveCfg = Debug|Any CPU
		{1128B2BF-1485-4A48-B4BB-49AC95443C5B}.Ad-Hoc|x64.Build.0 = Debug|Any CPU
		{1128B2BF-1485-4A48-B4BB-49AC95443C5B}.Ad-Hoc|x64.Deploy.0 = Debug|Any CPU
		{1128B2BF-1485-4A48-B4BB-49AC95443C5B}.Ad-Hoc|x86.ActiveCfg = Debug|Any CPU
		{1128B2BF-1485-4A48-B4BB-49AC95443C5B}.Ad-Hoc|x86.Build.0 = Debug|Any CPU
		{1128B2BF-1485-4A48-B4BB-49AC95443C5B}.Ad-Hoc|x86.Deploy.0 = Debug|Any CPU
		{1128B2BF-1485-4A48-B4BB-49AC95443C5B}.AppStore|Any CPU.ActiveCfg = Debug|Any CPU
		{1128B2BF-1485-4A48-B4BB-49AC95443C5B}.AppStore|Any CPU.Build.0 = Debug|Any CPU
		{1128B2BF-1485-4A48-B4BB-49AC95443C5B}.AppStore|Any CPU.Deploy.0 = Debug|Any CPU
		{1128B2BF-1485-4A48-B4BB-49AC95443C5B}.AppStore|ARM.ActiveCfg = Debug|Any CPU
		{1128B2BF-1485-4A48-B4BB-49AC95443C5B}.AppStore|ARM.Build.0 = Debug|Any CPU
		{1128B2BF-1485-4A48-B4BB-49AC95443C5B}.AppStore|ARM.Deploy.0 = Debug|Any CPU
		{1128B2BF-1485-4A48-B4BB-49AC95443C5B}.AppStore|iPhone.ActiveCfg = Debug|Any CPU
		{1128B2BF-1485-4A48-B4BB-49AC95443C5B}.AppStore|iPhone.Build.0 = Debug|Any CPU
		{1128B2BF-1485-4A48-B4BB-49AC95443C5B}.AppStore|iPhone.Deploy.0 = Debug|Any CPU
		{1128B2BF-1485-4A48-B4BB-49AC95443C5B}.AppStore|iPhoneSimulator.ActiveCfg = Debug|Any CPU
		{1128B2BF-1485-4A48-B4BB-49AC95443C5B}.AppStore|iPhoneSimulator.Build.0 = Debug|Any CPU
		{1128B2BF-1485-4A48-B4BB-49AC95443C5B}.AppStore|iPhoneSimulator.Deploy.0 = Debug|Any CPU
		{1128B2BF-1485-4A48-B4BB-49AC95443C5B}.AppStore|x64.ActiveCfg = Debug|Any CPU
		{1128B2BF-1485-4A48-B4BB-49AC95443C5B}.AppStore|x64.Build.0 = Debug|Any CPU
		{1128B2BF-1485-4A48-B4BB-49AC95443C5B}.AppStore|x64.Deploy.0 = Debug|Any CPU
		{1128B2BF-1485-4A48-B4BB-49AC95443C5B}.AppStore|x86.ActiveCfg = Debug|Any CPU
		{1128B2BF-1485-4A48-B4BB-49AC95443C5B}.AppStore|x86.Build.0 = Debug|Any CPU
		{1128B2BF-1485-4A48-B4BB-49AC95443C5B}.AppStore|x86.Deploy.0 = Debug|Any CPU
		{1128B2BF-1485-4A48-B4BB-49AC95443C5B}.Debug|Any CPU.ActiveCfg = Debug|Any CPU
		{1128B2BF-1485-4A48-B4BB-49AC95443C5B}.Debug|Any CPU.Build.0 = Debug|Any CPU
		{1128B2BF-1485-4A48-B4BB-49AC95443C5B}.Debug|Any CPU.Deploy.0 = Debug|Any CPU
		{1128B2BF-1485-4A48-B4BB-49AC95443C5B}.Debug|ARM.ActiveCfg = Debug|Any CPU
		{1128B2BF-1485-4A48-B4BB-49AC95443C5B}.Debug|ARM.Build.0 = Debug|Any CPU
		{1128B2BF-1485-4A48-B4BB-49AC95443C5B}.Debug|ARM.Deploy.0 = Debug|Any CPU
		{1128B2BF-1485-4A48-B4BB-49AC95443C5B}.Debug|iPhone.ActiveCfg = Debug|Any CPU
		{1128B2BF-1485-4A48-B4BB-49AC95443C5B}.Debug|iPhone.Build.0 = Debug|Any CPU
		{1128B2BF-1485-4A48-B4BB-49AC95443C5B}.Debug|iPhone.Deploy.0 = Debug|Any CPU
		{1128B2BF-1485-4A48-B4BB-49AC95443C5B}.Debug|iPhoneSimulator.ActiveCfg = Debug|Any CPU
		{1128B2BF-1485-4A48-B4BB-49AC95443C5B}.Debug|iPhoneSimulator.Build.0 = Debug|Any CPU
		{1128B2BF-1485-4A48-B4BB-49AC95443C5B}.Debug|iPhoneSimulator.Deploy.0 = Debug|Any CPU
		{1128B2BF-1485-4A48-B4BB-49AC95443C5B}.Debug|x64.ActiveCfg = Debug|Any CPU
		{1128B2BF-1485-4A48-B4BB-49AC95443C5B}.Debug|x64.Build.0 = Debug|Any CPU
		{1128B2BF-1485-4A48-B4BB-49AC95443C5B}.Debug|x64.Deploy.0 = Debug|Any CPU
		{1128B2BF-1485-4A48-B4BB-49AC95443C5B}.Debug|x86.ActiveCfg = Debug|Any CPU
		{1128B2BF-1485-4A48-B4BB-49AC95443C5B}.Debug|x86.Build.0 = Debug|Any CPU
		{1128B2BF-1485-4A48-B4BB-49AC95443C5B}.Debug|x86.Deploy.0 = Debug|Any CPU
		{1128B2BF-1485-4A48-B4BB-49AC95443C5B}.Release|Any CPU.ActiveCfg = Release|Any CPU
		{1128B2BF-1485-4A48-B4BB-49AC95443C5B}.Release|Any CPU.Build.0 = Release|Any CPU
		{1128B2BF-1485-4A48-B4BB-49AC95443C5B}.Release|Any CPU.Deploy.0 = Release|Any CPU
		{1128B2BF-1485-4A48-B4BB-49AC95443C5B}.Release|ARM.ActiveCfg = Release|Any CPU
		{1128B2BF-1485-4A48-B4BB-49AC95443C5B}.Release|ARM.Build.0 = Release|Any CPU
		{1128B2BF-1485-4A48-B4BB-49AC95443C5B}.Release|ARM.Deploy.0 = Release|Any CPU
		{1128B2BF-1485-4A48-B4BB-49AC95443C5B}.Release|iPhone.ActiveCfg = Release|Any CPU
		{1128B2BF-1485-4A48-B4BB-49AC95443C5B}.Release|iPhone.Build.0 = Release|Any CPU
		{1128B2BF-1485-4A48-B4BB-49AC95443C5B}.Release|iPhone.Deploy.0 = Release|Any CPU
		{1128B2BF-1485-4A48-B4BB-49AC95443C5B}.Release|iPhoneSimulator.ActiveCfg = Release|Any CPU
		{1128B2BF-1485-4A48-B4BB-49AC95443C5B}.Release|iPhoneSimulator.Build.0 = Release|Any CPU
		{1128B2BF-1485-4A48-B4BB-49AC95443C5B}.Release|iPhoneSimulator.Deploy.0 = Release|Any CPU
		{1128B2BF-1485-4A48-B4BB-49AC95443C5B}.Release|x64.ActiveCfg = Release|Any CPU
		{1128B2BF-1485-4A48-B4BB-49AC95443C5B}.Release|x64.Build.0 = Release|Any CPU
		{1128B2BF-1485-4A48-B4BB-49AC95443C5B}.Release|x64.Deploy.0 = Release|Any CPU
		{1128B2BF-1485-4A48-B4BB-49AC95443C5B}.Release|x86.ActiveCfg = Release|Any CPU
		{1128B2BF-1485-4A48-B4BB-49AC95443C5B}.Release|x86.Build.0 = Release|Any CPU
		{1128B2BF-1485-4A48-B4BB-49AC95443C5B}.Release|x86.Deploy.0 = Release|Any CPU
	EndGlobalSection
	GlobalSection(SolutionProperties) = preSolution
		HideSolutionNode = FALSE
	EndGlobalSection
	GlobalSection(ExtensibilityGlobals) = postSolution
		SolutionGuid = {183194EC-049C-494C-88C8-E9E4BED3DA49}
	EndGlobalSection
EndGlobal
